
Microsoft Visual Studio Solution File, Format Version 12.00
# Visual Studio 15
VisualStudioVersion = 15.0.28307.705
MinimumVisualStudioVersion = 10.0.40219.1
Project("{9A19103F-16F7-4668-BE54-9A1E7A4F7556}") = "SagaProcessManager", "SagaProcessManager\SagaProcessManager.csproj", "{10B1E491-9F84-494D-9AA2-5A3E41DE3634}"
EndProject
Project("{9A19103F-16F7-4668-BE54-9A1E7A4F7556}") = "OrderApi", "OrderApi\OrderApi.csproj", "{D23BCB49-1DA5-4030-B6DF-B92D2242313E}"
EndProject
Project("{9A19103F-16F7-4668-BE54-9A1E7A4F7556}") = "ProductApi", "ProductApi\ProductApi.csproj", "{273B1893-5AE9-4D5D-BF4D-D5A8D1C7797A}"
EndProject
Project("{9A19103F-16F7-4668-BE54-9A1E7A4F7556}") = "Common", "Common\Common.csproj", "{E8EAB89A-4F3B-46B0-9FF1-498B5D787656}"
EndProject
Project("{9A19103F-16F7-4668-BE54-9A1E7A4F7556}") = "BackgroundJob", "BackgroundJob\BackgroundJob.csproj", "{DD6663B4-F41B-4D41-AF9A-4E39703482CB}"
EndProject
Project("{9A19103F-16F7-4668-BE54-9A1E7A4F7556}") = "ElasticsearchApp", "ElasticsearchApp\ElasticsearchApp.csproj", "{7882800A-D802-494C-BAF3-4E4BBB184304}"
EndProject
Project("{9A19103F-16F7-4668-BE54-9A1E7A4F7556}") = "ConsoleApp", "ConsoleApp\ConsoleApp.csproj", "{57A672E5-E37C-45E7-A459-2EB413C57814}"
EndProject
Project("{9A19103F-16F7-4668-BE54-9A1E7A4F7556}") = "WebApplication1", "WebApplication1\WebApplication1.csproj", "{9E4BFA64-B44C-4964-98BA-27CC6FE6ED47}"
EndProject
Project("{9A19103F-16F7-4668-BE54-9A1E7A4F7556}") = "Redis.ResponseCache", "Redis.ResponseCache\Redis.ResponseCache.csproj", "{AA3BFE6F-517C-4180-85F2-D461CC6FFBC6}"
EndProject
Project("{FAE04EC0-301F-11D3-BF4B-00C04F79EFBC}") = "WebApplication2", "WebApplication2\WebApplication2.csproj", "{21496425-7366-4859-AD72-B7A68F5E875E}"
EndProject
Global
	GlobalSection(SolutionConfigurationPlatforms) = preSolution
		Debug|Any CPU = Debug|Any CPU
		Release|Any CPU = Release|Any CPU
	EndGlobalSection
	GlobalSection(ProjectConfigurationPlatforms) = postSolution
		{10B1E491-9F84-494D-9AA2-5A3E41DE3634}.Debug|Any CPU.ActiveCfg = Debug|Any CPU
		{10B1E491-9F84-494D-9AA2-5A3E41DE3634}.Debug|Any CPU.Build.0 = Debug|Any CPU
		{10B1E491-9F84-494D-9AA2-5A3E41DE3634}.Release|Any CPU.ActiveCfg = Release|Any CPU
		{10B1E491-9F84-494D-9AA2-5A3E41DE3634}.Release|Any CPU.Build.0 = Release|Any CPU
		{D23BCB49-1DA5-4030-B6DF-B92D2242313E}.Debug|Any CPU.ActiveCfg = Debug|Any CPU
		{D23BCB49-1DA5-4030-B6DF-B92D2242313E}.Debug|Any CPU.Build.0 = Debug|Any CPU
		{D23BCB49-1DA5-4030-B6DF-B92D2242313E}.Release|Any CPU.ActiveCfg = Release|Any CPU
		{D23BCB49-1DA5-4030-B6DF-B92D2242313E}.Release|Any CPU.Build.0 = Release|Any CPU
		{273B1893-5AE9-4D5D-BF4D-D5A8D1C7797A}.Debug|Any CPU.ActiveCfg = Debug|Any CPU
		{273B1893-5AE9-4D5D-BF4D-D5A8D1C7797A}.Debug|Any CPU.Build.0 = Debug|Any CPU
		{273B1893-5AE9-4D5D-BF4D-D5A8D1C7797A}.Release|Any CPU.ActiveCfg = Release|Any CPU
		{273B1893-5AE9-4D5D-BF4D-D5A8D1C7797A}.Release|Any CPU.Build.0 = Release|Any CPU
		{E8EAB89A-4F3B-46B0-9FF1-498B5D787656}.Debug|Any CPU.ActiveCfg = Debug|Any CPU
		{E8EAB89A-4F3B-46B0-9FF1-498B5D787656}.Debug|Any CPU.Build.0 = Debug|Any CPU
		{E8EAB89A-4F3B-46B0-9FF1-498B5D787656}.Release|Any CPU.ActiveCfg = Release|Any CPU
		{E8EAB89A-4F3B-46B0-9FF1-498B5D787656}.Release|Any CPU.Build.0 = Release|Any CPU
		{DD6663B4-F41B-4D41-AF9A-4E39703482CB}.Debug|Any CPU.ActiveCfg = Debug|Any CPU
		{DD6663B4-F41B-4D41-AF9A-4E39703482CB}.Debug|Any CPU.Build.0 = Debug|Any CPU
		{DD6663B4-F41B-4D41-AF9A-4E39703482CB}.Release|Any CPU.ActiveCfg = Release|Any CPU
		{DD6663B4-F41B-4D41-AF9A-4E39703482CB}.Release|Any CPU.Build.0 = Release|Any CPU
		{7882800A-D802-494C-BAF3-4E4BBB184304}.Debug|Any CPU.ActiveCfg = Debug|Any CPU
		{7882800A-D802-494C-BAF3-4E4BBB184304}.Debug|Any CPU.Build.0 = Debug|Any CPU
		{7882800A-D802-494C-BAF3-4E4BBB184304}.Release|Any CPU.ActiveCfg = Release|Any CPU
		{7882800A-D802-494C-BAF3-4E4BBB184304}.Release|Any CPU.Build.0 = Release|Any CPU
		{57A672E5-E37C-45E7-A459-2EB413C57814}.Debug|Any CPU.ActiveCfg = Debug|Any CPU
		{57A672E5-E37C-45E7-A459-2EB413C57814}.Debug|Any CPU.Build.0 = Debug|Any CPU
		{57A672E5-E37C-45E7-A459-2EB413C57814}.Release|Any CPU.ActiveCfg = Release|Any CPU
		{57A672E5-E37C-45E7-A459-2EB413C57814}.Release|Any CPU.Build.0 = Release|Any CPU
		{9E4BFA64-B44C-4964-98BA-27CC6FE6ED47}.Debug|Any CPU.ActiveCfg = Debug|Any CPU
		{9E4BFA64-B44C-4964-98BA-27CC6FE6ED47}.Debug|Any CPU.Build.0 = Debug|Any CPU
		{9E4BFA64-B44C-4964-98BA-27CC6FE6ED47}.Release|Any CPU.ActiveCfg = Release|Any CPU
		{9E4BFA64-B44C-4964-98BA-27CC6FE6ED47}.Release|Any CPU.Build.0 = Release|Any CPU
		{AA3BFE6F-517C-4180-85F2-D461CC6FFBC6}.Debug|Any CPU.ActiveCfg = Debug|Any CPU
		{AA3BFE6F-517C-4180-85F2-D461CC6FFBC6}.Debug|Any CPU.Build.0 = Debug|Any CPU
		{AA3BFE6F-517C-4180-85F2-D461CC6FFBC6}.Release|Any CPU.ActiveCfg = Release|Any CPU
		{AA3BFE6F-517C-4180-85F2-D461CC6FFBC6}.Release|Any CPU.Build.0 = Release|Any CPU
		{21496425-7366-4859-AD72-B7A68F5E875E}.Debug|Any CPU.ActiveCfg = Debug|Any CPU
		{21496425-7366-4859-AD72-B7A68F5E875E}.Debug|Any CPU.Build.0 = Debug|Any CPU
		{21496425-7366-4859-AD72-B7A68F5E875E}.Release|Any CPU.ActiveCfg = Release|Any CPU
		{21496425-7366-4859-AD72-B7A68F5E875E}.Release|Any CPU.Build.0 = Release|Any CPU
	EndGlobalSection
	GlobalSection(SolutionProperties) = preSolution
		HideSolutionNode = FALSE
	EndGlobalSection
	GlobalSection(ExtensibilityGlobals) = postSolution
		SolutionGuid = {D7B5F6B0-946F-493E-BC8C-14454C2A4ADE}
	EndGlobalSection
EndGlobal
